
Microsoft Visual Studio Solution File, Format Version 12.00
# Visual Studio 15
Project("{FAE04EC0-301F-11D3-BF4B-00C04F79EFBC}") = "Assembly-CSharp", "Assembly-CSharp.csproj", "{0216985F-51A5-B706-3124-2F52E2A14C69}"
EndProject
Project("{FAE04EC0-301F-11D3-BF4B-00C04F79EFBC}") = "Assembly-CSharp-Editor", "Assembly-CSharp-Editor.csproj", "{61ADDAFB-B1B6-3417-F3F6-E2D839BA385A}"
EndProject
Global
	GlobalSection(SolutionConfigurationPlatforms) = preSolution
		Debug|Any CPU = Debug|Any CPU
		Release|Any CPU = Release|Any CPU
	EndGlobalSection
	GlobalSection(ProjectConfigurationPlatforms) = postSolution
		{0216985F-51A5-B706-3124-2F52E2A14C69}.Debug|Any CPU.ActiveCfg = Debug|Any CPU
		{0216985F-51A5-B706-3124-2F52E2A14C69}.Debug|Any CPU.Build.0 = Debug|Any CPU
		{0216985F-51A5-B706-3124-2F52E2A14C69}.Release|Any CPU.ActiveCfg = Release|Any CPU
		{0216985F-51A5-B706-3124-2F52E2A14C69}.Release|Any CPU.Build.0 = Release|Any CPU
		{61ADDAFB-B1B6-3417-F3F6-E2D839BA385A}.Debug|Any CPU.ActiveCfg = Debug|Any CPU
		{61ADDAFB-B1B6-3417-F3F6-E2D839BA385A}.Debug|Any CPU.Build.0 = Debug|Any CPU
		{61ADDAFB-B1B6-3417-F3F6-E2D839BA385A}.Release|Any CPU.ActiveCfg = Release|Any CPU
		{61ADDAFB-B1B6-3417-F3F6-E2D839BA385A}.Release|Any CPU.Build.0 = Release|Any CPU
	EndGlobalSection
	GlobalSection(SolutionProperties) = preSolution
		HideSolutionNode = FALSE
	EndGlobalSection
EndGlobal
